<?xml version="1.0" encoding="utf-8"?>
<Project ToolsVersion="4.0" xmlns="http://schemas.microsoft.com/developer/msbuild/2003">
  <ItemGroup>
    <ClCompile Include="SAMImprovedStreaming.cpp" />
    <ClCompile Include="..\..\GTA Android Plugin\GTASA\CAnimManager.cpp" />
    <ClCompile Include="..\..\GTA Android Plugin\GTASA\CTimer.cpp" />
    <ClCompile Include="..\..\GTA Android Plugin\ARMHook\CHook.cpp">
      <Filter>ARMHook</Filter>
    </ClCompile>
    <ClCompile Include="..\..\GTA Android Plugin\ARMHook\CPatch.cpp">
      <Filter>ARMHook</Filter>
    </ClCompile>
    <ClCompile Include="..\..\GTA Android Plugin\ARMHook\Substrate\SubstrateDebug.cpp">
      <Filter>ARMHook\Substrate</Filter>
    </ClCompile>
    <ClCompile Include="..\..\GTA Android Plugin\ARMHook\Substrate\SubstrateHook.cpp">
      <Filter>ARMHook\Substrate</Filter>
    </ClCompile>
    <ClCompile Include="..\..\GTA Android Plugin\ARMHook\Substrate\SubstratePosixMemory.cpp">
      <Filter>ARMHook\Substrate</Filter>
    </ClCompile>
    <ClCompile Include="..\..\GTA Android Plugin\library.cpp" />
    <ClCompile Include="..\..\GTA Android Plugin\shared\ini\inireader.c">
      <Filter>ini</Filter>
    </ClCompile>
    <ClCompile Include="..\..\GTA Android Plugin\shared\ini\minIni.c">
      <Filter>ini</Filter>
    </ClCompile>
    <ClCompile Include="..\..\GTA Android Plugin\GTASA\CStreaming.cpp" />
  </ItemGroup>
  <ItemGroup>
    <Filter Include="ARMHook">
      <UniqueIdentifier>{d609b37d-a8d7-4f33-9efa-493a31cd0c4f}</UniqueIdentifier>
    </Filter>
    <Filter Include="ARMHook\Substrate">
      <UniqueIdentifier>{a3425dd0-202a-41e8-8abb-4b759d0d5b9e}</UniqueIdentifier>
    </Filter>
    <Filter Include="ini">
      <UniqueIdentifier>{4445e281-443b-4680-b6a6-6ca758c44fd8}</UniqueIdentifier>
    </Filter>
  </ItemGroup>
  <ItemGroup>
    <ClInclude Include="..\..\GTA Android Plugin\GTASA\CStreaming.h" />
  </ItemGroup>
</Project>