
Microsoft Visual Studio Solution File, Format Version 12.00
# Visual Studio Version 16
VisualStudioVersion = 16.0.32228.343
MinimumVisualStudioVersion = 10.0.40219.1
Project("{8BC9CEB8-8B4A-11D0-8D11-00A0C91BC942}") = "SAMImprovedStreaming", "SAMImprovedStreaming\SAMImprovedStreaming.vcxproj", "{E187525B-AD5B-4FCB-8234-C662328E736F}"
EndProject
Global
	GlobalSection(SolutionConfigurationPlatforms) = preSolution
		Debug|ARM = Debug|ARM
		Debug|ARM64 = Debug|ARM64
		Debug|x64 = Debug|x64
		Debug|x86 = Debug|x86
		Release|ARM = Release|ARM
		Release|ARM64 = Release|ARM64
		Release|x64 = Release|x64
		Release|x86 = Release|x86
	EndGlobalSection
	GlobalSection(ProjectConfigurationPlatforms) = postSolution
		{E187525B-AD5B-4FCB-8234-C662328E736F}.Debug|ARM.ActiveCfg = Debug|ARM
		{E187525B-AD5B-4FCB-8234-C662328E736F}.Debug|ARM.Build.0 = Debug|ARM
		{E187525B-AD5B-4FCB-8234-C662328E736F}.Debug|ARM64.ActiveCfg = Debug|ARM64
		{E187525B-AD5B-4FCB-8234-C662328E736F}.Debug|ARM64.Build.0 = Debug|ARM64
		{E187525B-AD5B-4FCB-8234-C662328E736F}.Debug|x64.ActiveCfg = Debug|x64
		{E187525B-AD5B-4FCB-8234-C662328E736F}.Debug|x64.Build.0 = Debug|x64
		{E187525B-AD5B-4FCB-8234-C662328E736F}.Debug|x86.ActiveCfg = Debug|x86
		{E187525B-AD5B-4FCB-8234-C662328E736F}.Debug|x86.Build.0 = Debug|x86
		{E187525B-AD5B-4FCB-8234-C662328E736F}.Release|ARM.ActiveCfg = Release|ARM
		{E187525B-AD5B-4FCB-8234-C662328E736F}.Release|ARM.Build.0 = Release|ARM
		{E187525B-AD5B-4FCB-8234-C662328E736F}.Release|ARM64.ActiveCfg = Release|ARM64
		{E187525B-AD5B-4FCB-8234-C662328E736F}.Release|ARM64.Build.0 = Release|ARM64
		{E187525B-AD5B-4FCB-8234-C662328E736F}.Release|x64.ActiveCfg = Release|x64
		{E187525B-AD5B-4FCB-8234-C662328E736F}.Release|x64.Build.0 = Release|x64
		{E187525B-AD5B-4FCB-8234-C662328E736F}.Release|x86.ActiveCfg = Release|x86
		{E187525B-AD5B-4FCB-8234-C662328E736F}.Release|x86.Build.0 = Release|x86
	EndGlobalSection
	GlobalSection(SolutionProperties) = preSolution
		HideSolutionNode = FALSE
	EndGlobalSection
	GlobalSection(ExtensibilityGlobals) = postSolution
		SolutionGuid = {FBF9FD0B-1A84-47F5-8F54-91349F0E4206}
	EndGlobalSection
EndGlobal
